
Microsoft Visual Studio Solution File, Format Version 12.00
# Visual Studio 2012
Project("{FAE04EC0-301F-11D3-BF4B-00C04F79EFBC}") = "Service-Perms", "Service-Perms\Service-Perms.csproj", "{79151C49-A34D-4CC8-9BCE-6E8AF7F79FA4}"
EndProject
Global
	GlobalSection(SolutionConfigurationPlatforms) = preSolution
		Debug|Any CPU = Debug|Any CPU
		Release|Any CPU = Release|Any CPU
	EndGlobalSection
	GlobalSection(ProjectConfigurationPlatforms) = postSolution
		{79151C49-A34D-4CC8-9BCE-6E8AF7F79FA4}.Debug|Any CPU.ActiveCfg = Debug|Any CPU
		{79151C49-A34D-4CC8-9BCE-6E8AF7F79FA4}.Debug|Any CPU.Build.0 = Debug|Any CPU
		{79151C49-A34D-4CC8-9BCE-6E8AF7F79FA4}.Release|Any CPU.ActiveCfg = Release|Any CPU
		{79151C49-A34D-4CC8-9BCE-6E8AF7F79FA4}.Release|Any CPU.Build.0 = Release|Any CPU
	EndGlobalSection
	GlobalSection(SolutionProperties) = preSolution
		HideSolutionNode = FALSE
	EndGlobalSection
EndGlobal
